# This file is autogenerated, do not edit; changes may be undone by the next 'dep ensure'.


[[projects]]
  name = "github.com/BurntSushi/toml"
  packages = ["."]
  revision = "b26d9c308763d68093482582cea63d69be07a0f0"
  version = "v0.3.0"

[[projects]]
  name = "github.com/davecgh/go-spew"
  packages = ["spew"]
  revision = "346938d642f2ec3594ed81d874461961cd0faa76"
  version = "v1.1.0"

[[projects]]
  branch = "master"
  name = "github.com/dedis/protobuf"
  packages = ["."]
  revision = "62507025d3f800bf4cbbe9e2428b09e2d291d33a"

[[projects]]
  branch = "master"
  name = "github.com/dfinity/go-dfinity-crypto"
  packages = ["bls"]
  revision = "1db358303499a9879dd640c71f831897e06e9ddf"

[[projects]]
  branch = "master"
  name = "github.com/nikkolasg/slog"
  packages = ["."]
  revision = "3c8d441d7a1e2d4104741afd74893eaac3f5320f"

[[projects]]
  name = "github.com/pmezard/go-difflib"
  packages = ["difflib"]
  revision = "792786c7400a136282c1664665ae0a8db921c6c2"
  version = "v1.0.0"

[[projects]]
  name = "github.com/stretchr/testify"
  packages = ["assert","require"]
  revision = "69483b4bd14f5845b5a1e55bca19e954e827f1d0"
  version = "v1.1.4"

[[projects]]
  name = "github.com/urfave/cli"
  packages = ["."]
  revision = "cfb38830724cc34fedffe9a2a29fb54fa9169cd1"
  version = "v1.20.0"

[[projects]]
  branch = "master"
  name = "golang.org/x/crypto"
  packages = ["hkdf"]
  revision = "76eec36fa14229c4b25bb894c2d0e591527af429"

[[projects]]
  branch = "v1"
  name = "gopkg.in/dedis/kyber.v1"
  packages = [".","cipher","cipher/sha3","share","share/pedersen/dkg","share/pedersen/vss","sign/schnorr","util/bytes","util/ints","util/random","util/subtle","util/test"]
  revision = "5ded11f751442e0ce5f583d65c7051b0a2b56a7a"

[solve-meta]
  analyzer-name = "dep"
  analyzer-version = 1
  inputs-digest = "dcd7af5ba34d5e729540f29dd2498f4413b7169371dcfcd8aa0d86bffb56e197"
  solver-name = "gps-cdcl"
  solver-version = 1
